
Microsoft Visual Studio Solution File, Format Version 12.00
# Visual Studio Version 17
VisualStudioVersion = 17.5.002.0
MinimumVisualStudioVersion = 10.0.40219.1
Project("{2150E333-8FDC-42A3-9474-1A3956D46DE8}") = "Formação .Net Developer", "Formação .Net Developer", "{C167911D-68E6-4034-90FA-D223EDA9A2EF}"
EndProject
Project("{9A19103F-16F7-4668-BE54-9A1E7A4F7556}") = "DesafioFundamentos", "Formação .Net Developer\DesafioFundamentos\DesafioFundamentos.csproj", "{B5EA6ED7-7AF6-4052-ABFB-AC3242FCD53E}"
EndProject
Global
	GlobalSection(SolutionConfigurationPlatforms) = preSolution
		Debug|Any CPU = Debug|Any CPU
		Release|Any CPU = Release|Any CPU
	EndGlobalSection
	GlobalSection(ProjectConfigurationPlatforms) = postSolution
		{B5EA6ED7-7AF6-4052-ABFB-AC3242FCD53E}.Debug|Any CPU.ActiveCfg = Debug|Any CPU
		{B5EA6ED7-7AF6-4052-ABFB-AC3242FCD53E}.Debug|Any CPU.Build.0 = Debug|Any CPU
		{B5EA6ED7-7AF6-4052-ABFB-AC3242FCD53E}.Release|Any CPU.ActiveCfg = Release|Any CPU
		{B5EA6ED7-7AF6-4052-ABFB-AC3242FCD53E}.Release|Any CPU.Build.0 = Release|Any CPU
	EndGlobalSection
	GlobalSection(SolutionProperties) = preSolution
		HideSolutionNode = FALSE
	EndGlobalSection
	GlobalSection(NestedProjects) = preSolution
		{B5EA6ED7-7AF6-4052-ABFB-AC3242FCD53E} = {C167911D-68E6-4034-90FA-D223EDA9A2EF}
	EndGlobalSection
	GlobalSection(ExtensibilityGlobals) = postSolution
		SolutionGuid = {91206C64-79E8-4D12-9D1D-ED8E9882DFF1}
	EndGlobalSection
EndGlobal
